
Microsoft Visual Studio Solution File, Format Version 12.00
# Visual Studio Version 17
VisualStudioVersion = 17.5.002.0
MinimumVisualStudioVersion = 10.0.40219.1
Project("{2150E333-8FDC-42A3-9474-1A3956D46DE8}") = "Csharp", "Csharp", "{22D57C1C-3B5C-4ED7-91E9-DD6997E611AA}"
EndProject
Project("{9A19103F-16F7-4668-BE54-9A1E7A4F7556}") = "main", "Csharp\main\main.csproj", "{F77AE8B4-3652-452A-8E3C-C3793B2723EE}"
EndProject
Global
	GlobalSection(SolutionConfigurationPlatforms) = preSolution
		Debug|Any CPU = Debug|Any CPU
		Release|Any CPU = Release|Any CPU
	EndGlobalSection
	GlobalSection(ProjectConfigurationPlatforms) = postSolution
		{F77AE8B4-3652-452A-8E3C-C3793B2723EE}.Debug|Any CPU.ActiveCfg = Debug|Any CPU
		{F77AE8B4-3652-452A-8E3C-C3793B2723EE}.Debug|Any CPU.Build.0 = Debug|Any CPU
		{F77AE8B4-3652-452A-8E3C-C3793B2723EE}.Release|Any CPU.ActiveCfg = Release|Any CPU
		{F77AE8B4-3652-452A-8E3C-C3793B2723EE}.Release|Any CPU.Build.0 = Release|Any CPU
	EndGlobalSection
	GlobalSection(SolutionProperties) = preSolution
		HideSolutionNode = FALSE
	EndGlobalSection
	GlobalSection(NestedProjects) = preSolution
		{F77AE8B4-3652-452A-8E3C-C3793B2723EE} = {22D57C1C-3B5C-4ED7-91E9-DD6997E611AA}
	EndGlobalSection
	GlobalSection(ExtensibilityGlobals) = postSolution
		SolutionGuid = {3DD7A9EF-3C21-42E1-9528-C4EB20F4441C}
	EndGlobalSection
EndGlobal
